
Microsoft Visual Studio Solution File, Format Version 12.00
# Visual Studio Version 17
VisualStudioVersion = 17.0.32112.339
MinimumVisualStudioVersion = 10.0.40219.1
Project("{8BC9CEB8-8B4A-11D0-8D11-00A0C91BC942}") = "Project20", "Project20\Project20.vcxproj", "{44B4EB38-06DC-48CD-BEF8-D3C15D2A407C}"
EndProject
Global
	GlobalSection(SolutionConfigurationPlatforms) = preSolution
		Debug|x64 = Debug|x64
		Debug|x86 = Debug|x86
		Release|x64 = Release|x64
		Release|x86 = Release|x86
	EndGlobalSection
	GlobalSection(ProjectConfigurationPlatforms) = postSolution
		{44B4EB38-06DC-48CD-BEF8-D3C15D2A407C}.Debug|x64.ActiveCfg = Debug|x64
		{44B4EB38-06DC-48CD-BEF8-D3C15D2A407C}.Debug|x64.Build.0 = Debug|x64
		{44B4EB38-06DC-48CD-BEF8-D3C15D2A407C}.Debug|x86.ActiveCfg = Debug|Win32
		{44B4EB38-06DC-48CD-BEF8-D3C15D2A407C}.Debug|x86.Build.0 = Debug|Win32
		{44B4EB38-06DC-48CD-BEF8-D3C15D2A407C}.Release|x64.ActiveCfg = Release|x64
		{44B4EB38-06DC-48CD-BEF8-D3C15D2A407C}.Release|x64.Build.0 = Release|x64
		{44B4EB38-06DC-48CD-BEF8-D3C15D2A407C}.Release|x86.ActiveCfg = Release|Win32
		{44B4EB38-06DC-48CD-BEF8-D3C15D2A407C}.Release|x86.Build.0 = Release|Win32
	EndGlobalSection
	GlobalSection(SolutionProperties) = preSolution
		HideSolutionNode = FALSE
	EndGlobalSection
	GlobalSection(ExtensibilityGlobals) = postSolution
		SolutionGuid = {B6513173-53D4-4C19-A111-34B5F6F2B26D}
	EndGlobalSection
EndGlobal
